
Microsoft Visual Studio Solution File, Format Version 12.00
# Visual Studio Version 16
VisualStudioVersion = 16.0.29326.143
MinimumVisualStudioVersion = 10.0.40219.1
Project("{9A19103F-16F7-4668-BE54-9A1E7A4F7556}") = "PriorityQueue_ClassLib", "PriorityQueue_ClassLib\PriorityQueue_ClassLib.csproj", "{004B2607-9310-4181-BFC5-E5071E973509}"
EndProject
Project("{9A19103F-16F7-4668-BE54-9A1E7A4F7556}") = "Test_Chamber", "Test_Chamber\Test_Chamber.csproj", "{65FA1C78-8D6A-4163-9388-845A67879E6B}"
EndProject
Project("{9A19103F-16F7-4668-BE54-9A1E7A4F7556}") = "Console_PQ", "Console\Console_PQ.csproj", "{0E89CD61-8CC9-45FA-BD83-B56A3440E529}"
EndProject
Global
	GlobalSection(SolutionConfigurationPlatforms) = preSolution
		Debug|Any CPU = Debug|Any CPU
		Release|Any CPU = Release|Any CPU
	EndGlobalSection
	GlobalSection(ProjectConfigurationPlatforms) = postSolution
		{004B2607-9310-4181-BFC5-E5071E973509}.Debug|Any CPU.ActiveCfg = Debug|Any CPU
		{004B2607-9310-4181-BFC5-E5071E973509}.Debug|Any CPU.Build.0 = Debug|Any CPU
		{004B2607-9310-4181-BFC5-E5071E973509}.Release|Any CPU.ActiveCfg = Release|Any CPU
		{004B2607-9310-4181-BFC5-E5071E973509}.Release|Any CPU.Build.0 = Release|Any CPU
		{65FA1C78-8D6A-4163-9388-845A67879E6B}.Debug|Any CPU.ActiveCfg = Debug|Any CPU
		{65FA1C78-8D6A-4163-9388-845A67879E6B}.Debug|Any CPU.Build.0 = Debug|Any CPU
		{65FA1C78-8D6A-4163-9388-845A67879E6B}.Release|Any CPU.ActiveCfg = Release|Any CPU
		{65FA1C78-8D6A-4163-9388-845A67879E6B}.Release|Any CPU.Build.0 = Release|Any CPU
		{0E89CD61-8CC9-45FA-BD83-B56A3440E529}.Debug|Any CPU.ActiveCfg = Debug|Any CPU
		{0E89CD61-8CC9-45FA-BD83-B56A3440E529}.Debug|Any CPU.Build.0 = Debug|Any CPU
		{0E89CD61-8CC9-45FA-BD83-B56A3440E529}.Release|Any CPU.ActiveCfg = Release|Any CPU
		{0E89CD61-8CC9-45FA-BD83-B56A3440E529}.Release|Any CPU.Build.0 = Release|Any CPU
	EndGlobalSection
	GlobalSection(SolutionProperties) = preSolution
		HideSolutionNode = FALSE
	EndGlobalSection
	GlobalSection(ExtensibilityGlobals) = postSolution
		SolutionGuid = {5C451ABD-E39F-45AC-BBA8-DB6CC5D9FE05}
	EndGlobalSection
EndGlobal
